
Microsoft Visual Studio Solution File, Format Version 12.00
# Visual Studio 14
VisualStudioVersion = 14.0.25123.0
MinimumVisualStudioVersion = 10.0.40219.1
Project("{8BC9CEB8-8B4A-11D0-8D11-00A0C91BC942}") = "OpenConsole", "OpenConsole\OpenConsole.vcxproj", "{B35FBF39-E08B-46C5-A9AE-79B41AAA888E}"
EndProject
Project("{8BC9CEB8-8B4A-11D0-8D11-00A0C91BC942}") = "ServerBase", "ServerBase\ServerBase.vcxproj", "{0CFE8495-E1F0-4022-957C-9D5ECE13AF98}"
EndProject
Project("{8BC9CEB8-8B4A-11D0-8D11-00A0C91BC942}") = "ServerSample", "ServerSample\ServerSample.vcxproj", "{44858DB9-40A7-4CFC-9B78-F9DB183A89D6}"
EndProject
Project("{8BC9CEB8-8B4A-11D0-8D11-00A0C91BC942}") = "ServerBaseApi", "ServerBaseApi\ServerBaseApi.vcxproj", "{75D376A3-EEB4-4FA9-A2CF-118FC9EAE3CD}"
EndProject
Project("{8BC9CEB8-8B4A-11D0-8D11-00A0C91BC942}") = "OpenConsoleExe", "OpenConsoleExe\OpenConsoleExe.vcxproj", "{93092D9C-EEE0-47E8-888F-447AAA613095}"
EndProject
Project("{8BC9CEB8-8B4A-11D0-8D11-00A0C91BC942}") = "ConHostV2", "ConHostV2\ConHostV2.vcxproj", "{A3C48708-1407-44B8-996F-586E8792B871}"
EndProject
Project("{8BC9CEB8-8B4A-11D0-8D11-00A0C91BC942}") = "ConTermParse", "ConTermParse\lib\ConTermParse.vcxproj", "{DD843CA4-BEC6-423E-8801-1490F476770E}"
EndProject
Project("{8BC9CEB8-8B4A-11D0-8D11-00A0C91BC942}") = "ConTermAdapt", "ConTermAdapt\lib\ConTermAdapt.vcxproj", "{BF0186CC-ED62-44D9-BA57-BF9E4FA087E8}"
EndProject
Project("{8BC9CEB8-8B4A-11D0-8D11-00A0C91BC942}") = "ConRenderBase", "ConRenderBase\ConRenderBase.vcxproj", "{48250F04-12F4-4E86-90B5-01C83FD1A8BE}"
EndProject
Project("{8BC9CEB8-8B4A-11D0-8D11-00A0C91BC942}") = "ConRenderGdi", "ConRenderGdi\ConRenderGdi.vcxproj", "{CF8389DA-CA51-45FF-968C-0537F6AF3C81}"
EndProject
Project("{8BC9CEB8-8B4A-11D0-8D11-00A0C91BC942}") = "ConTsfV2", "ConTsfV2\ConTsfV2.vcxproj", "{31A59EC8-208D-4E5A-BB69-954FF00D98F4}"
EndProject
Project("{2150E333-8FDC-42A3-9474-1A3956D46DE8}") = "PrivateDependencies", "PrivateDependencies", "{1D7D9438-D09A-4705-A8BF-5C7132583596}"
EndProject
Project("{2150E333-8FDC-42A3-9474-1A3956D46DE8}") = "Console", "Console", "{A502121D-76F5-42C5-B994-974AB36A339F}"
	ProjectSection(SolutionItems) = preProject
		PrivateDependencies\Console\conapi.h = PrivateDependencies\Console\conapi.h
		PrivateDependencies\Console\condrv.h = PrivateDependencies\Console\condrv.h
		PrivateDependencies\Console\conmsg.h = PrivateDependencies\Console\conmsg.h
		PrivateDependencies\Console\conmsgl1.h = PrivateDependencies\Console\conmsgl1.h
		PrivateDependencies\Console\conmsgl2.h = PrivateDependencies\Console\conmsgl2.h
		PrivateDependencies\Console\consrv.h = PrivateDependencies\Console\consrv.h
		PrivateDependencies\Console\ntcon.h = PrivateDependencies\Console\ntcon.h
	EndProjectSection
EndProject
Project("{2150E333-8FDC-42A3-9474-1A3956D46DE8}") = "DDK", "DDK", "{C69BD588-82ED-4F39-8C64-6DA58F4DD368}"
	ProjectSection(SolutionItems) = preProject
		PrivateDependencies\DDK\wdm.h = PrivateDependencies\DDK\wdm.h
	EndProjectSection
EndProject
Project("{2150E333-8FDC-42A3-9474-1A3956D46DE8}") = "NT", "NT", "{2E476FB9-587B-49C6-8389-49C3933EE0CE}"
	ProjectSection(SolutionItems) = preProject
		PrivateDependencies\NT\ntdef.h = PrivateDependencies\NT\ntdef.h
		PrivateDependencies\NT\ntioapi_x.h = PrivateDependencies\NT\ntioapi_x.h
		PrivateDependencies\NT\winbasep.h = PrivateDependencies\NT\winbasep.h
	EndProjectSection
EndProject
Project("{2150E333-8FDC-42A3-9474-1A3956D46DE8}") = "wil", "wil", "{684C2831-C66F-480D-993E-C7A0C00ACC73}"
	ProjectSection(SolutionItems) = preProject
		PrivateDependencies\wil\clouddata.h = PrivateDependencies\wil\clouddata.h
		PrivateDependencies\wil\com.h = PrivateDependencies\wil\com.h
		PrivateDependencies\wil\common.h = PrivateDependencies\wil\common.h
		PrivateDependencies\wil\filesystem.h = PrivateDependencies\wil\filesystem.h
		PrivateDependencies\wil\functional.h = PrivateDependencies\wil\functional.h
		PrivateDependencies\wil\registry.h = PrivateDependencies\wil\registry.h
		PrivateDependencies\wil\resource.h = PrivateDependencies\wil\resource.h
		PrivateDependencies\wil\result.h = PrivateDependencies\wil\result.h
		PrivateDependencies\wil\resultexception.h = PrivateDependencies\wil\resultexception.h
		PrivateDependencies\wil\resultlogging.h = PrivateDependencies\wil\resultlogging.h
		PrivateDependencies\wil\resultmacros.h = PrivateDependencies\wil\resultmacros.h
		PrivateDependencies\wil\staging.h = PrivateDependencies\wil\staging.h
		PrivateDependencies\wil\stl.h = PrivateDependencies\wil\stl.h
		PrivateDependencies\wil\tokenhelpers.h = PrivateDependencies\wil\tokenhelpers.h
		PrivateDependencies\wil\tracelogging.h = PrivateDependencies\wil\tracelogging.h
		PrivateDependencies\wil\win32helpers.h = PrivateDependencies\wil\win32helpers.h
		PrivateDependencies\wil\winrt.h = PrivateDependencies\wil\winrt.h
		PrivateDependencies\wil\wistd_functional.h = PrivateDependencies\wil\wistd_functional.h
		PrivateDependencies\wil\wistd_memory.h = PrivateDependencies\wil\wistd_memory.h
		PrivateDependencies\wil\wistd_type_traits.h = PrivateDependencies\wil\wistd_type_traits.h
		PrivateDependencies\wil\wrl.h = PrivateDependencies\wil\wrl.h
		PrivateDependencies\wil\wrlevent.h = PrivateDependencies\wil\wrlevent.h
	EndProjectSection
EndProject
Project("{2150E333-8FDC-42A3-9474-1A3956D46DE8}") = "Win32K", "Win32K", "{3626847D-18D6-4895-9474-67446970E708}"
	ProjectSection(SolutionItems) = preProject
		PrivateDependencies\Win32K\winuserk.h = PrivateDependencies\Win32K\winuserk.h
	EndProjectSection
EndProject
Project("{2150E333-8FDC-42A3-9474-1A3956D46DE8}") = "telemetry", "telemetry", "{E7EE792B-56E8-4539-A3A5-B9B7E103AC04}"
EndProject
Project("{2150E333-8FDC-42A3-9474-1A3956D46DE8}") = "ConHost", "ConHost", "{E56BFED8-3209-4D5F-A3C0-812E4807968D}"
EndProject
Global
	GlobalSection(SolutionConfigurationPlatforms) = preSolution
		Debug|x64 = Debug|x64
		Debug|x86 = Debug|x86
		Release|x64 = Release|x64
		Release|x86 = Release|x86
	EndGlobalSection
	GlobalSection(ProjectConfigurationPlatforms) = postSolution
		{B35FBF39-E08B-46C5-A9AE-79B41AAA888E}.Debug|x64.ActiveCfg = Debug|x64
		{B35FBF39-E08B-46C5-A9AE-79B41AAA888E}.Debug|x64.Build.0 = Debug|x64
		{B35FBF39-E08B-46C5-A9AE-79B41AAA888E}.Debug|x86.ActiveCfg = Debug|Win32
		{B35FBF39-E08B-46C5-A9AE-79B41AAA888E}.Debug|x86.Build.0 = Debug|Win32
		{B35FBF39-E08B-46C5-A9AE-79B41AAA888E}.Release|x64.ActiveCfg = Release|x64
		{B35FBF39-E08B-46C5-A9AE-79B41AAA888E}.Release|x64.Build.0 = Release|x64
		{B35FBF39-E08B-46C5-A9AE-79B41AAA888E}.Release|x86.ActiveCfg = Release|Win32
		{B35FBF39-E08B-46C5-A9AE-79B41AAA888E}.Release|x86.Build.0 = Release|Win32
		{0CFE8495-E1F0-4022-957C-9D5ECE13AF98}.Debug|x64.ActiveCfg = Debug|x64
		{0CFE8495-E1F0-4022-957C-9D5ECE13AF98}.Debug|x64.Build.0 = Debug|x64
		{0CFE8495-E1F0-4022-957C-9D5ECE13AF98}.Debug|x86.ActiveCfg = Debug|Win32
		{0CFE8495-E1F0-4022-957C-9D5ECE13AF98}.Debug|x86.Build.0 = Debug|Win32
		{0CFE8495-E1F0-4022-957C-9D5ECE13AF98}.Release|x64.ActiveCfg = Release|x64
		{0CFE8495-E1F0-4022-957C-9D5ECE13AF98}.Release|x64.Build.0 = Release|x64
		{0CFE8495-E1F0-4022-957C-9D5ECE13AF98}.Release|x86.ActiveCfg = Release|Win32
		{0CFE8495-E1F0-4022-957C-9D5ECE13AF98}.Release|x86.Build.0 = Release|Win32
		{44858DB9-40A7-4CFC-9B78-F9DB183A89D6}.Debug|x64.ActiveCfg = Debug|x64
		{44858DB9-40A7-4CFC-9B78-F9DB183A89D6}.Debug|x64.Build.0 = Debug|x64
		{44858DB9-40A7-4CFC-9B78-F9DB183A89D6}.Debug|x86.ActiveCfg = Debug|Win32
		{44858DB9-40A7-4CFC-9B78-F9DB183A89D6}.Debug|x86.Build.0 = Debug|Win32
		{44858DB9-40A7-4CFC-9B78-F9DB183A89D6}.Release|x64.ActiveCfg = Release|x64
		{44858DB9-40A7-4CFC-9B78-F9DB183A89D6}.Release|x64.Build.0 = Release|x64
		{44858DB9-40A7-4CFC-9B78-F9DB183A89D6}.Release|x86.ActiveCfg = Release|Win32
		{44858DB9-40A7-4CFC-9B78-F9DB183A89D6}.Release|x86.Build.0 = Release|Win32
		{75D376A3-EEB4-4FA9-A2CF-118FC9EAE3CD}.Debug|x64.ActiveCfg = Debug|x64
		{75D376A3-EEB4-4FA9-A2CF-118FC9EAE3CD}.Debug|x64.Build.0 = Debug|x64
		{75D376A3-EEB4-4FA9-A2CF-118FC9EAE3CD}.Debug|x86.ActiveCfg = Debug|Win32
		{75D376A3-EEB4-4FA9-A2CF-118FC9EAE3CD}.Debug|x86.Build.0 = Debug|Win32
		{75D376A3-EEB4-4FA9-A2CF-118FC9EAE3CD}.Release|x64.ActiveCfg = Release|x64
		{75D376A3-EEB4-4FA9-A2CF-118FC9EAE3CD}.Release|x64.Build.0 = Release|x64
		{75D376A3-EEB4-4FA9-A2CF-118FC9EAE3CD}.Release|x86.ActiveCfg = Release|Win32
		{75D376A3-EEB4-4FA9-A2CF-118FC9EAE3CD}.Release|x86.Build.0 = Release|Win32
		{93092D9C-EEE0-47E8-888F-447AAA613095}.Debug|x64.ActiveCfg = Debug|x64
		{93092D9C-EEE0-47E8-888F-447AAA613095}.Debug|x64.Build.0 = Debug|x64
		{93092D9C-EEE0-47E8-888F-447AAA613095}.Debug|x86.ActiveCfg = Debug|Win32
		{93092D9C-EEE0-47E8-888F-447AAA613095}.Debug|x86.Build.0 = Debug|Win32
		{93092D9C-EEE0-47E8-888F-447AAA613095}.Release|x64.ActiveCfg = Release|x64
		{93092D9C-EEE0-47E8-888F-447AAA613095}.Release|x64.Build.0 = Release|x64
		{93092D9C-EEE0-47E8-888F-447AAA613095}.Release|x86.ActiveCfg = Release|Win32
		{93092D9C-EEE0-47E8-888F-447AAA613095}.Release|x86.Build.0 = Release|Win32
		{A3C48708-1407-44B8-996F-586E8792B871}.Debug|x64.ActiveCfg = Debug|x64
		{A3C48708-1407-44B8-996F-586E8792B871}.Debug|x64.Build.0 = Debug|x64
		{A3C48708-1407-44B8-996F-586E8792B871}.Debug|x86.ActiveCfg = Debug|Win32
		{A3C48708-1407-44B8-996F-586E8792B871}.Debug|x86.Build.0 = Debug|Win32
		{A3C48708-1407-44B8-996F-586E8792B871}.Release|x64.ActiveCfg = Release|x64
		{A3C48708-1407-44B8-996F-586E8792B871}.Release|x64.Build.0 = Release|x64
		{A3C48708-1407-44B8-996F-586E8792B871}.Release|x86.ActiveCfg = Release|Win32
		{A3C48708-1407-44B8-996F-586E8792B871}.Release|x86.Build.0 = Release|Win32
		{DD843CA4-BEC6-423E-8801-1490F476770E}.Debug|x64.ActiveCfg = Debug|x64
		{DD843CA4-BEC6-423E-8801-1490F476770E}.Debug|x64.Build.0 = Debug|x64
		{DD843CA4-BEC6-423E-8801-1490F476770E}.Debug|x86.ActiveCfg = Debug|Win32
		{DD843CA4-BEC6-423E-8801-1490F476770E}.Debug|x86.Build.0 = Debug|Win32
		{DD843CA4-BEC6-423E-8801-1490F476770E}.Release|x64.ActiveCfg = Release|x64
		{DD843CA4-BEC6-423E-8801-1490F476770E}.Release|x64.Build.0 = Release|x64
		{DD843CA4-BEC6-423E-8801-1490F476770E}.Release|x86.ActiveCfg = Release|Win32
		{DD843CA4-BEC6-423E-8801-1490F476770E}.Release|x86.Build.0 = Release|Win32
		{BF0186CC-ED62-44D9-BA57-BF9E4FA087E8}.Debug|x64.ActiveCfg = Debug|x64
		{BF0186CC-ED62-44D9-BA57-BF9E4FA087E8}.Debug|x64.Build.0 = Debug|x64
		{BF0186CC-ED62-44D9-BA57-BF9E4FA087E8}.Debug|x86.ActiveCfg = Debug|Win32
		{BF0186CC-ED62-44D9-BA57-BF9E4FA087E8}.Debug|x86.Build.0 = Debug|Win32
		{BF0186CC-ED62-44D9-BA57-BF9E4FA087E8}.Release|x64.ActiveCfg = Release|x64
		{BF0186CC-ED62-44D9-BA57-BF9E4FA087E8}.Release|x64.Build.0 = Release|x64
		{BF0186CC-ED62-44D9-BA57-BF9E4FA087E8}.Release|x86.ActiveCfg = Release|Win32
		{BF0186CC-ED62-44D9-BA57-BF9E4FA087E8}.Release|x86.Build.0 = Release|Win32
		{48250F04-12F4-4E86-90B5-01C83FD1A8BE}.Debug|x64.ActiveCfg = Debug|x64
		{48250F04-12F4-4E86-90B5-01C83FD1A8BE}.Debug|x64.Build.0 = Debug|x64
		{48250F04-12F4-4E86-90B5-01C83FD1A8BE}.Debug|x86.ActiveCfg = Debug|Win32
		{48250F04-12F4-4E86-90B5-01C83FD1A8BE}.Debug|x86.Build.0 = Debug|Win32
		{48250F04-12F4-4E86-90B5-01C83FD1A8BE}.Release|x64.ActiveCfg = Release|x64
		{48250F04-12F4-4E86-90B5-01C83FD1A8BE}.Release|x64.Build.0 = Release|x64
		{48250F04-12F4-4E86-90B5-01C83FD1A8BE}.Release|x86.ActiveCfg = Release|Win32
		{48250F04-12F4-4E86-90B5-01C83FD1A8BE}.Release|x86.Build.0 = Release|Win32
		{CF8389DA-CA51-45FF-968C-0537F6AF3C81}.Debug|x64.ActiveCfg = Debug|x64
		{CF8389DA-CA51-45FF-968C-0537F6AF3C81}.Debug|x64.Build.0 = Debug|x64
		{CF8389DA-CA51-45FF-968C-0537F6AF3C81}.Debug|x86.ActiveCfg = Debug|Win32
		{CF8389DA-CA51-45FF-968C-0537F6AF3C81}.Debug|x86.Build.0 = Debug|Win32
		{CF8389DA-CA51-45FF-968C-0537F6AF3C81}.Release|x64.ActiveCfg = Release|x64
		{CF8389DA-CA51-45FF-968C-0537F6AF3C81}.Release|x64.Build.0 = Release|x64
		{CF8389DA-CA51-45FF-968C-0537F6AF3C81}.Release|x86.ActiveCfg = Release|Win32
		{CF8389DA-CA51-45FF-968C-0537F6AF3C81}.Release|x86.Build.0 = Release|Win32
		{31A59EC8-208D-4E5A-BB69-954FF00D98F4}.Debug|x64.ActiveCfg = Debug|x64
		{31A59EC8-208D-4E5A-BB69-954FF00D98F4}.Debug|x64.Build.0 = Debug|x64
		{31A59EC8-208D-4E5A-BB69-954FF00D98F4}.Debug|x86.ActiveCfg = Debug|Win32
		{31A59EC8-208D-4E5A-BB69-954FF00D98F4}.Debug|x86.Build.0 = Debug|Win32
		{31A59EC8-208D-4E5A-BB69-954FF00D98F4}.Release|x64.ActiveCfg = Release|x64
		{31A59EC8-208D-4E5A-BB69-954FF00D98F4}.Release|x64.Build.0 = Release|x64
		{31A59EC8-208D-4E5A-BB69-954FF00D98F4}.Release|x86.ActiveCfg = Release|Win32
		{31A59EC8-208D-4E5A-BB69-954FF00D98F4}.Release|x86.Build.0 = Release|Win32
	EndGlobalSection
	GlobalSection(SolutionProperties) = preSolution
		HideSolutionNode = FALSE
	EndGlobalSection
	GlobalSection(NestedProjects) = preSolution
		{A3C48708-1407-44B8-996F-586E8792B871} = {E56BFED8-3209-4D5F-A3C0-812E4807968D}
		{DD843CA4-BEC6-423E-8801-1490F476770E} = {E56BFED8-3209-4D5F-A3C0-812E4807968D}
		{BF0186CC-ED62-44D9-BA57-BF9E4FA087E8} = {E56BFED8-3209-4D5F-A3C0-812E4807968D}
		{48250F04-12F4-4E86-90B5-01C83FD1A8BE} = {E56BFED8-3209-4D5F-A3C0-812E4807968D}
		{CF8389DA-CA51-45FF-968C-0537F6AF3C81} = {E56BFED8-3209-4D5F-A3C0-812E4807968D}
		{31A59EC8-208D-4E5A-BB69-954FF00D98F4} = {E56BFED8-3209-4D5F-A3C0-812E4807968D}
		{A502121D-76F5-42C5-B994-974AB36A339F} = {1D7D9438-D09A-4705-A8BF-5C7132583596}
		{C69BD588-82ED-4F39-8C64-6DA58F4DD368} = {1D7D9438-D09A-4705-A8BF-5C7132583596}
		{2E476FB9-587B-49C6-8389-49C3933EE0CE} = {1D7D9438-D09A-4705-A8BF-5C7132583596}
		{684C2831-C66F-480D-993E-C7A0C00ACC73} = {1D7D9438-D09A-4705-A8BF-5C7132583596}
		{3626847D-18D6-4895-9474-67446970E708} = {1D7D9438-D09A-4705-A8BF-5C7132583596}
		{E7EE792B-56E8-4539-A3A5-B9B7E103AC04} = {1D7D9438-D09A-4705-A8BF-5C7132583596}
	EndGlobalSection
EndGlobal
