
Microsoft Visual Studio Solution File, Format Version 12.00
# Visual Studio 14
VisualStudioVersion = 14.0.25420.1
MinimumVisualStudioVersion = 10.0.40219.1
Project("{8BC9CEB8-8B4A-11D0-8D11-00A0C91BC942}") = "Host.EXE", "src\host\exe\Host.EXE.vcxproj", "{9CBD7DFA-1754-4A9D-93D7-857A9D17CB1B}"
EndProject
Project("{8BC9CEB8-8B4A-11D0-8D11-00A0C91BC942}") = "PropertiesLibrary", "src\propslib\propslib.vcxproj", "{345FD5A4-B32B-4F29-BD1C-B033BD2C35CC}"
EndProject
Project("{2150E333-8FDC-42A3-9474-1A3956D46DE8}") = "Dependencies", "Dependencies", "{81C352DB-1818-45B7-A284-18E259F1CC87}"
EndProject
Project("{2150E333-8FDC-42A3-9474-1A3956D46DE8}") = "wil", "wil", "{4C8E6BB0-4713-4ADB-BD04-81628ECEAF20}"
	ProjectSection(SolutionItems) = preProject
		dep\wil\common.h = dep\wil\common.h
		dep\wil\resource.h = dep\wil\resource.h
		dep\wil\result.h = dep\wil\result.h
		dep\wil\resultmacros.h = dep\wil\resultmacros.h
		dep\wil\wistd_functional.h = dep\wil\wistd_functional.h
		dep\wil\wistd_memory.h = dep\wil\wistd_memory.h
		dep\wil\wistd_type_traits.h = dep\wil\wistd_type_traits.h
	EndProjectSection
EndProject
Project("{2150E333-8FDC-42A3-9474-1A3956D46DE8}") = "Console", "Console", "{D57841D1-8294-4F2B-BB8B-D2A35738DECD}"
	ProjectSection(SolutionItems) = preProject
		dep\Console\winconp.h = dep\Console\winconp.h
	EndProjectSection
EndProject
Project("{2150E333-8FDC-42A3-9474-1A3956D46DE8}") = "DDK", "DDK", "{B8C524E4-7614-473C-8B10-3710B7CC65D5}"
EndProject
Project("{8BC9CEB8-8B4A-11D0-8D11-00A0C91BC942}") = "TextServicesFramework", "src\tsf\tsf.vcxproj", "{2FD12FBB-1DDB-46D8-B818-1023C624CACA}"
EndProject
Project("{8BC9CEB8-8B4A-11D0-8D11-00A0C91BC942}") = "TerminalParser", "src\terminal\parser\lib\parser.vcxproj", "{3AE13314-1939-4DFA-9C14-38CA0834050C}"
EndProject
Project("{8BC9CEB8-8B4A-11D0-8D11-00A0C91BC942}") = "TerminalAdapter", "src\terminal\adapter\lib\adapter.vcxproj", "{DCF55140-EF6A-4736-A403-957E4F7430BB}"
EndProject
Project("{8BC9CEB8-8B4A-11D0-8D11-00A0C91BC942}") = "RendererBase", "src\renderer\base\lib\base.vcxproj", "{AF0A096A-8B3A-4949-81EF-7DF8F0FEE91F}"
EndProject
Project("{8BC9CEB8-8B4A-11D0-8D11-00A0C91BC942}") = "RendererGdi", "src\renderer\gdi\lib\gdi.vcxproj", "{1C959542-BAC2-4E55-9A6D-13251914CBB9}"
EndProject
Project("{8BC9CEB8-8B4A-11D0-8D11-00A0C91BC942}") = "Host.DLL", "src\host\dll\host.vcxproj", "{E437B604-3E98-4F40-A927-E173E818EA4B}"
EndProject
Project("{8BC9CEB8-8B4A-11D0-8D11-00A0C91BC942}") = "Host", "src\host\lib\hostlib.vcxproj", "{06EC74CB-9A12-429C-B551-8562EC954746}"
EndProject
Project("{8BC9CEB8-8B4A-11D0-8D11-00A0C91BC942}") = "Host.Tests.Unit", "src\host\ut_host\Host.UnitTests.vcxproj", "{531C23E7-4B76-4C08-8AAD-04164CB628C9}"
EndProject
Project("{8BC9CEB8-8B4A-11D0-8D11-00A0C91BC942}") = "Host.Tests.Feature", "src\host\ft_host\Host.FeatureTests.vcxproj", "{8CDB8850-7484-4EC7-B45B-181F85B2EE54}"
	ProjectSection(ProjectDependencies) = postProject
		{FC802440-AD6A-4919-8F2C-7701F2B38D79} = {FC802440-AD6A-4919-8F2C-7701F2B38D79}
		{9CBD7DFA-1754-4A9D-93D7-857A9D17CB1B} = {9CBD7DFA-1754-4A9D-93D7-857A9D17CB1B}
	EndProjectSection
EndProject
Project("{8BC9CEB8-8B4A-11D0-8D11-00A0C91BC942}") = "TerminalParser.UnitTests", "src\terminal\parser\ut_parser\Parser.UnitTests.vcxproj", "{12144E07-FE63-4D33-9231-748B8D8C3792}"
EndProject
Project("{8BC9CEB8-8B4A-11D0-8D11-00A0C91BC942}") = "TerminalAdapter.UnitTests", "src\terminal\adapter\ut_adapter\Adapter.UnitTests.vcxproj", "{6AF01638-84CF-4B65-9870-484DFFCAC772}"
EndProject
Project("{8BC9CEB8-8B4A-11D0-8D11-00A0C91BC942}") = "TerminalParser.Fuzzer", "src\terminal\parser\ft_fuzzer\VTCommandFuzzer.vcxproj", "{96927B31-D6E8-4ABD-B03E-A5088A30BEBE}"
EndProject
Project("{8BC9CEB8-8B4A-11D0-8D11-00A0C91BC942}") = "TerminalParser.FuzzWrapper", "src\terminal\parser\ft_fuzzwrapper\FuzzWrapper.vcxproj", "{F210A4AE-E02A-4BFC-80BB-F50A672FE763}"
EndProject
Project("{8BC9CEB8-8B4A-11D0-8D11-00A0C91BC942}") = "Propsheet.DLL", "src\propsheet\propsheet.vcxproj", "{5D23E8E1-3C64-4CC1-A8F7-6861677F7239}"
EndProject
Project("{2150E333-8FDC-42A3-9474-1A3956D46DE8}") = "Build Common", "Build Common", "{04170EEF-983A-4195-BFEF-2321E5E38A1E}"
	ProjectSection(SolutionItems) = preProject
		src\common.build.dll.props = src\common.build.dll.props
		src\common.build.exe.or.dll.props = src\common.build.exe.or.dll.props
		src\common.build.exe.props = src\common.build.exe.props
		src\common.build.lib.props = src\common.build.lib.props
		src\common.build.post.props = src\common.build.post.props
		src\common.build.pre.props = src\common.build.pre.props
		src\common.build.tests.props = src\common.build.tests.props
	EndProjectSection
EndProject
Project("{8BC9CEB8-8B4A-11D0-8D11-00A0C91BC942}") = "Server", "src\server\lib\server.vcxproj", "{18D09A24-8240-42D6-8CB6-236EEE820262}"
EndProject
Project("{FAE04EC0-301F-11D3-BF4B-00C04F79EFBC}") = "Host.Tests.UIA", "src\host\ft_uia\Host.Tests.UIA.csproj", "{C17E1BF3-9D34-4779-9458-A8EF98CC5662}"
	ProjectSection(ProjectDependencies) = postProject
		{099193A0-1E43-4BBC-BA7F-7B351E1342DF} = {099193A0-1E43-4BBC-BA7F-7B351E1342DF}
		{9CBD7DFA-1754-4A9D-93D7-857A9D17CB1B} = {9CBD7DFA-1754-4A9D-93D7-857A9D17CB1B}
	EndProjectSection
EndProject
Project("{FAE04EC0-301F-11D3-BF4B-00C04F79EFBC}") = "VTApp", "src\tools\vtapp\VTApp.csproj", "{099193A0-1E43-4BBC-BA7F-7B351E1342DF}"
EndProject
Project("{2150E333-8FDC-42A3-9474-1A3956D46DE8}") = "Tools", "Tools", "{A10C4720-DCA4-4640-9749-67F4314F527C}"
EndProject
Project("{8BC9CEB8-8B4A-11D0-8D11-00A0C91BC942}") = "Nihilist", "src\tools\nihilist\Nihilist.vcxproj", "{FC802440-AD6A-4919-8F2C-7701F2B38D79}"
EndProject
Project("{8BC9CEB8-8B4A-11D0-8D11-00A0C91BC942}") = "NoOp.Tests.Feature", "src\tools\ft_x86_noop\ft_x86_noop.vcxproj", "{3CAC8870-95FD-4D75-A6DA-9B1F4F679D4B}"
EndProject
Project("{8BC9CEB8-8B4A-11D0-8D11-00A0C91BC942}") = "FontList", "src\tools\fontlist\FontList.vcxproj", "{919544AC-D39B-463F-8414-3C3C67CF727C}"
EndProject
Project("{2150E333-8FDC-42A3-9474-1A3956D46DE8}") = "useful", "useful", "{8157729B-BA88-4EB4-B99F-DC6A73E5BB7D}"
	ProjectSection(SolutionItems) = preProject
		dep\wil\useful\filesystem.h = dep\wil\useful\filesystem.h
		dep\wil\useful\functional.h = dep\wil\useful\functional.h
		dep\wil\useful\registry.h = dep\wil\useful\registry.h
		dep\wil\useful\stl.h = dep\wil\useful\stl.h
		dep\wil\useful\win32helpers.h = dep\wil\useful\win32helpers.h
	EndProjectSection
EndProject
Project("{8BC9CEB8-8B4A-11D0-8D11-00A0C91BC942}") = "Scratch", "src\tools\scratch\Scratch.vcxproj", "{ED82003F-FC5D-4E94-8B36-F480018ED064}"
EndProject
Project("{8BC9CEB8-8B4A-11D0-8D11-00A0C91BC942}") = "InteractivityWin32", "src\interactivity\win32\lib\win32.LIB.vcxproj", "{06EC74CB-9A12-429C-B551-8532EC964726}"
EndProject
Project("{8BC9CEB8-8B4A-11D0-8D11-00A0C91BC942}") = "InteractivityBase", "src\interactivity\base\lib\InteractivityBase.vcxproj", "{06EC74CB-9A12-429C-B551-8562EC964846}"
EndProject
Project("{8BC9CEB8-8B4A-11D0-8D11-00A0C91BC942}") = "Interactivity.Win32.Tests.Unit", "src\interactivity\win32\ut_interactivity_win32\Interactivity.Win32.UnitTests.vcxproj", "{D3B92829-26CB-411A-BDA2-7F5DA3D25DD4}"
EndProject
Project("{8BC9CEB8-8B4A-11D0-8D11-00A0C91BC942}") = "CloseTest", "src\tools\closetest\CloseTest.vcxproj", "{C7A6A5D9-60BE-4AEB-A5F6-AFE352F86CBB}"
EndProject
Global
	GlobalSection(SolutionConfigurationPlatforms) = preSolution
		Debug|x64 = Debug|x64
		Debug|x86 = Debug|x86
		Release|x64 = Release|x64
		Release|x86 = Release|x86
	EndGlobalSection
	GlobalSection(ProjectConfigurationPlatforms) = postSolution
		{9CBD7DFA-1754-4A9D-93D7-857A9D17CB1B}.Debug|x64.ActiveCfg = Debug|x64
		{9CBD7DFA-1754-4A9D-93D7-857A9D17CB1B}.Debug|x64.Build.0 = Debug|x64
		{9CBD7DFA-1754-4A9D-93D7-857A9D17CB1B}.Debug|x86.ActiveCfg = Debug|Win32
		{9CBD7DFA-1754-4A9D-93D7-857A9D17CB1B}.Debug|x86.Build.0 = Debug|Win32
		{9CBD7DFA-1754-4A9D-93D7-857A9D17CB1B}.Release|x64.ActiveCfg = Release|x64
		{9CBD7DFA-1754-4A9D-93D7-857A9D17CB1B}.Release|x64.Build.0 = Release|x64
		{9CBD7DFA-1754-4A9D-93D7-857A9D17CB1B}.Release|x86.ActiveCfg = Release|Win32
		{9CBD7DFA-1754-4A9D-93D7-857A9D17CB1B}.Release|x86.Build.0 = Release|Win32
		{345FD5A4-B32B-4F29-BD1C-B033BD2C35CC}.Debug|x64.ActiveCfg = Debug|x64
		{345FD5A4-B32B-4F29-BD1C-B033BD2C35CC}.Debug|x64.Build.0 = Debug|x64
		{345FD5A4-B32B-4F29-BD1C-B033BD2C35CC}.Debug|x86.ActiveCfg = Debug|Win32
		{345FD5A4-B32B-4F29-BD1C-B033BD2C35CC}.Debug|x86.Build.0 = Debug|Win32
		{345FD5A4-B32B-4F29-BD1C-B033BD2C35CC}.Release|x64.ActiveCfg = Release|x64
		{345FD5A4-B32B-4F29-BD1C-B033BD2C35CC}.Release|x64.Build.0 = Release|x64
		{345FD5A4-B32B-4F29-BD1C-B033BD2C35CC}.Release|x86.ActiveCfg = Release|Win32
		{345FD5A4-B32B-4F29-BD1C-B033BD2C35CC}.Release|x86.Build.0 = Release|Win32
		{2FD12FBB-1DDB-46D8-B818-1023C624CACA}.Debug|x64.ActiveCfg = Debug|x64
		{2FD12FBB-1DDB-46D8-B818-1023C624CACA}.Debug|x64.Build.0 = Debug|x64
		{2FD12FBB-1DDB-46D8-B818-1023C624CACA}.Debug|x86.ActiveCfg = Debug|Win32
		{2FD12FBB-1DDB-46D8-B818-1023C624CACA}.Debug|x86.Build.0 = Debug|Win32
		{2FD12FBB-1DDB-46D8-B818-1023C624CACA}.Release|x64.ActiveCfg = Release|x64
		{2FD12FBB-1DDB-46D8-B818-1023C624CACA}.Release|x64.Build.0 = Release|x64
		{2FD12FBB-1DDB-46D8-B818-1023C624CACA}.Release|x86.ActiveCfg = Release|Win32
		{2FD12FBB-1DDB-46D8-B818-1023C624CACA}.Release|x86.Build.0 = Release|Win32
		{3AE13314-1939-4DFA-9C14-38CA0834050C}.Debug|x64.ActiveCfg = Debug|x64
		{3AE13314-1939-4DFA-9C14-38CA0834050C}.Debug|x64.Build.0 = Debug|x64
		{3AE13314-1939-4DFA-9C14-38CA0834050C}.Debug|x86.ActiveCfg = Debug|Win32
		{3AE13314-1939-4DFA-9C14-38CA0834050C}.Debug|x86.Build.0 = Debug|Win32
		{3AE13314-1939-4DFA-9C14-38CA0834050C}.Release|x64.ActiveCfg = Release|x64
		{3AE13314-1939-4DFA-9C14-38CA0834050C}.Release|x64.Build.0 = Release|x64
		{3AE13314-1939-4DFA-9C14-38CA0834050C}.Release|x86.ActiveCfg = Release|Win32
		{3AE13314-1939-4DFA-9C14-38CA0834050C}.Release|x86.Build.0 = Release|Win32
		{DCF55140-EF6A-4736-A403-957E4F7430BB}.Debug|x64.ActiveCfg = Debug|x64
		{DCF55140-EF6A-4736-A403-957E4F7430BB}.Debug|x64.Build.0 = Debug|x64
		{DCF55140-EF6A-4736-A403-957E4F7430BB}.Debug|x86.ActiveCfg = Debug|Win32
		{DCF55140-EF6A-4736-A403-957E4F7430BB}.Debug|x86.Build.0 = Debug|Win32
		{DCF55140-EF6A-4736-A403-957E4F7430BB}.Release|x64.ActiveCfg = Release|x64
		{DCF55140-EF6A-4736-A403-957E4F7430BB}.Release|x64.Build.0 = Release|x64
		{DCF55140-EF6A-4736-A403-957E4F7430BB}.Release|x86.ActiveCfg = Release|Win32
		{DCF55140-EF6A-4736-A403-957E4F7430BB}.Release|x86.Build.0 = Release|Win32
		{AF0A096A-8B3A-4949-81EF-7DF8F0FEE91F}.Debug|x64.ActiveCfg = Debug|x64
		{AF0A096A-8B3A-4949-81EF-7DF8F0FEE91F}.Debug|x64.Build.0 = Debug|x64
		{AF0A096A-8B3A-4949-81EF-7DF8F0FEE91F}.Debug|x86.ActiveCfg = Debug|Win32
		{AF0A096A-8B3A-4949-81EF-7DF8F0FEE91F}.Debug|x86.Build.0 = Debug|Win32
		{AF0A096A-8B3A-4949-81EF-7DF8F0FEE91F}.Release|x64.ActiveCfg = Release|x64
		{AF0A096A-8B3A-4949-81EF-7DF8F0FEE91F}.Release|x64.Build.0 = Release|x64
		{AF0A096A-8B3A-4949-81EF-7DF8F0FEE91F}.Release|x86.ActiveCfg = Release|Win32
		{AF0A096A-8B3A-4949-81EF-7DF8F0FEE91F}.Release|x86.Build.0 = Release|Win32
		{1C959542-BAC2-4E55-9A6D-13251914CBB9}.Debug|x64.ActiveCfg = Debug|x64
		{1C959542-BAC2-4E55-9A6D-13251914CBB9}.Debug|x64.Build.0 = Debug|x64
		{1C959542-BAC2-4E55-9A6D-13251914CBB9}.Debug|x86.ActiveCfg = Debug|Win32
		{1C959542-BAC2-4E55-9A6D-13251914CBB9}.Debug|x86.Build.0 = Debug|Win32
		{1C959542-BAC2-4E55-9A6D-13251914CBB9}.Release|x64.ActiveCfg = Release|x64
		{1C959542-BAC2-4E55-9A6D-13251914CBB9}.Release|x64.Build.0 = Release|x64
		{1C959542-BAC2-4E55-9A6D-13251914CBB9}.Release|x86.ActiveCfg = Release|Win32
		{1C959542-BAC2-4E55-9A6D-13251914CBB9}.Release|x86.Build.0 = Release|Win32
		{E437B604-3E98-4F40-A927-E173E818EA4B}.Debug|x64.ActiveCfg = Debug|x64
		{E437B604-3E98-4F40-A927-E173E818EA4B}.Debug|x64.Build.0 = Debug|x64
		{E437B604-3E98-4F40-A927-E173E818EA4B}.Debug|x86.ActiveCfg = Debug|Win32
		{E437B604-3E98-4F40-A927-E173E818EA4B}.Debug|x86.Build.0 = Debug|Win32
		{E437B604-3E98-4F40-A927-E173E818EA4B}.Release|x64.ActiveCfg = Release|x64
		{E437B604-3E98-4F40-A927-E173E818EA4B}.Release|x64.Build.0 = Release|x64
		{E437B604-3E98-4F40-A927-E173E818EA4B}.Release|x86.ActiveCfg = Release|Win32
		{E437B604-3E98-4F40-A927-E173E818EA4B}.Release|x86.Build.0 = Release|Win32
		{06EC74CB-9A12-429C-B551-8562EC954746}.Debug|x64.ActiveCfg = Debug|x64
		{06EC74CB-9A12-429C-B551-8562EC954746}.Debug|x64.Build.0 = Debug|x64
		{06EC74CB-9A12-429C-B551-8562EC954746}.Debug|x86.ActiveCfg = Debug|Win32
		{06EC74CB-9A12-429C-B551-8562EC954746}.Debug|x86.Build.0 = Debug|Win32
		{06EC74CB-9A12-429C-B551-8562EC954746}.Release|x64.ActiveCfg = Release|x64
		{06EC74CB-9A12-429C-B551-8562EC954746}.Release|x64.Build.0 = Release|x64
		{06EC74CB-9A12-429C-B551-8562EC954746}.Release|x86.ActiveCfg = Release|Win32
		{06EC74CB-9A12-429C-B551-8562EC954746}.Release|x86.Build.0 = Release|Win32
		{531C23E7-4B76-4C08-8AAD-04164CB628C9}.Debug|x64.ActiveCfg = Debug|x64
		{531C23E7-4B76-4C08-8AAD-04164CB628C9}.Debug|x64.Build.0 = Debug|x64
		{531C23E7-4B76-4C08-8AAD-04164CB628C9}.Debug|x86.ActiveCfg = Debug|Win32
		{531C23E7-4B76-4C08-8AAD-04164CB628C9}.Debug|x86.Build.0 = Debug|Win32
		{531C23E7-4B76-4C08-8AAD-04164CB628C9}.Release|x64.ActiveCfg = Release|x64
		{531C23E7-4B76-4C08-8AAD-04164CB628C9}.Release|x64.Build.0 = Release|x64
		{531C23E7-4B76-4C08-8AAD-04164CB628C9}.Release|x86.ActiveCfg = Release|Win32
		{531C23E7-4B76-4C08-8AAD-04164CB628C9}.Release|x86.Build.0 = Release|Win32
		{8CDB8850-7484-4EC7-B45B-181F85B2EE54}.Debug|x64.ActiveCfg = Debug|x64
		{8CDB8850-7484-4EC7-B45B-181F85B2EE54}.Debug|x64.Build.0 = Debug|x64
		{8CDB8850-7484-4EC7-B45B-181F85B2EE54}.Debug|x86.ActiveCfg = Debug|Win32
		{8CDB8850-7484-4EC7-B45B-181F85B2EE54}.Release|x64.ActiveCfg = Release|x64
		{8CDB8850-7484-4EC7-B45B-181F85B2EE54}.Release|x64.Build.0 = Release|x64
		{8CDB8850-7484-4EC7-B45B-181F85B2EE54}.Release|x86.ActiveCfg = Release|Win32
		{12144E07-FE63-4D33-9231-748B8D8C3792}.Debug|x64.ActiveCfg = Debug|x64
		{12144E07-FE63-4D33-9231-748B8D8C3792}.Debug|x64.Build.0 = Debug|x64
		{12144E07-FE63-4D33-9231-748B8D8C3792}.Debug|x86.ActiveCfg = Debug|Win32
		{12144E07-FE63-4D33-9231-748B8D8C3792}.Debug|x86.Build.0 = Debug|Win32
		{12144E07-FE63-4D33-9231-748B8D8C3792}.Release|x64.ActiveCfg = Release|x64
		{12144E07-FE63-4D33-9231-748B8D8C3792}.Release|x64.Build.0 = Release|x64
		{12144E07-FE63-4D33-9231-748B8D8C3792}.Release|x86.ActiveCfg = Release|Win32
		{12144E07-FE63-4D33-9231-748B8D8C3792}.Release|x86.Build.0 = Release|Win32
		{6AF01638-84CF-4B65-9870-484DFFCAC772}.Debug|x64.ActiveCfg = Debug|x64
		{6AF01638-84CF-4B65-9870-484DFFCAC772}.Debug|x64.Build.0 = Debug|x64
		{6AF01638-84CF-4B65-9870-484DFFCAC772}.Debug|x86.ActiveCfg = Debug|Win32
		{6AF01638-84CF-4B65-9870-484DFFCAC772}.Debug|x86.Build.0 = Debug|Win32
		{6AF01638-84CF-4B65-9870-484DFFCAC772}.Release|x64.ActiveCfg = Release|x64
		{6AF01638-84CF-4B65-9870-484DFFCAC772}.Release|x64.Build.0 = Release|x64
		{6AF01638-84CF-4B65-9870-484DFFCAC772}.Release|x86.ActiveCfg = Release|Win32
		{6AF01638-84CF-4B65-9870-484DFFCAC772}.Release|x86.Build.0 = Release|Win32
		{96927B31-D6E8-4ABD-B03E-A5088A30BEBE}.Debug|x64.ActiveCfg = Debug|x64
		{96927B31-D6E8-4ABD-B03E-A5088A30BEBE}.Debug|x64.Build.0 = Debug|x64
		{96927B31-D6E8-4ABD-B03E-A5088A30BEBE}.Debug|x86.ActiveCfg = Debug|Win32
		{96927B31-D6E8-4ABD-B03E-A5088A30BEBE}.Debug|x86.Build.0 = Debug|Win32
		{96927B31-D6E8-4ABD-B03E-A5088A30BEBE}.Release|x64.ActiveCfg = Release|x64
		{96927B31-D6E8-4ABD-B03E-A5088A30BEBE}.Release|x64.Build.0 = Release|x64
		{96927B31-D6E8-4ABD-B03E-A5088A30BEBE}.Release|x86.ActiveCfg = Release|Win32
		{96927B31-D6E8-4ABD-B03E-A5088A30BEBE}.Release|x86.Build.0 = Release|Win32
		{F210A4AE-E02A-4BFC-80BB-F50A672FE763}.Debug|x64.ActiveCfg = Debug|x64
		{F210A4AE-E02A-4BFC-80BB-F50A672FE763}.Debug|x64.Build.0 = Debug|x64
		{F210A4AE-E02A-4BFC-80BB-F50A672FE763}.Debug|x86.ActiveCfg = Debug|Win32
		{F210A4AE-E02A-4BFC-80BB-F50A672FE763}.Debug|x86.Build.0 = Debug|Win32
		{F210A4AE-E02A-4BFC-80BB-F50A672FE763}.Release|x64.ActiveCfg = Release|x64
		{F210A4AE-E02A-4BFC-80BB-F50A672FE763}.Release|x64.Build.0 = Release|x64
		{F210A4AE-E02A-4BFC-80BB-F50A672FE763}.Release|x86.ActiveCfg = Release|Win32
		{F210A4AE-E02A-4BFC-80BB-F50A672FE763}.Release|x86.Build.0 = Release|Win32
		{5D23E8E1-3C64-4CC1-A8F7-6861677F7239}.Debug|x64.ActiveCfg = Debug|x64
		{5D23E8E1-3C64-4CC1-A8F7-6861677F7239}.Debug|x64.Build.0 = Debug|x64
		{5D23E8E1-3C64-4CC1-A8F7-6861677F7239}.Debug|x86.ActiveCfg = Debug|Win32
		{5D23E8E1-3C64-4CC1-A8F7-6861677F7239}.Debug|x86.Build.0 = Debug|Win32
		{5D23E8E1-3C64-4CC1-A8F7-6861677F7239}.Release|x64.ActiveCfg = Release|x64
		{5D23E8E1-3C64-4CC1-A8F7-6861677F7239}.Release|x64.Build.0 = Release|x64
		{5D23E8E1-3C64-4CC1-A8F7-6861677F7239}.Release|x86.ActiveCfg = Release|Win32
		{5D23E8E1-3C64-4CC1-A8F7-6861677F7239}.Release|x86.Build.0 = Release|Win32
		{18D09A24-8240-42D6-8CB6-236EEE820262}.Debug|x64.ActiveCfg = Debug|x64
		{18D09A24-8240-42D6-8CB6-236EEE820262}.Debug|x64.Build.0 = Debug|x64
		{18D09A24-8240-42D6-8CB6-236EEE820262}.Debug|x86.ActiveCfg = Debug|Win32
		{18D09A24-8240-42D6-8CB6-236EEE820262}.Debug|x86.Build.0 = Debug|Win32
		{18D09A24-8240-42D6-8CB6-236EEE820262}.Release|x64.ActiveCfg = Release|x64
		{18D09A24-8240-42D6-8CB6-236EEE820262}.Release|x64.Build.0 = Release|x64
		{18D09A24-8240-42D6-8CB6-236EEE820262}.Release|x86.ActiveCfg = Release|Win32
		{18D09A24-8240-42D6-8CB6-236EEE820262}.Release|x86.Build.0 = Release|Win32
		{C17E1BF3-9D34-4779-9458-A8EF98CC5662}.Debug|x64.ActiveCfg = Debug|x64
		{C17E1BF3-9D34-4779-9458-A8EF98CC5662}.Debug|x64.Build.0 = Debug|x64
		{C17E1BF3-9D34-4779-9458-A8EF98CC5662}.Debug|x86.ActiveCfg = Debug|Win32
		{C17E1BF3-9D34-4779-9458-A8EF98CC5662}.Release|x64.ActiveCfg = Release|x64
		{C17E1BF3-9D34-4779-9458-A8EF98CC5662}.Release|x64.Build.0 = Release|x64
		{C17E1BF3-9D34-4779-9458-A8EF98CC5662}.Release|x86.ActiveCfg = Release|Win32
		{099193A0-1E43-4BBC-BA7F-7B351E1342DF}.Debug|x64.ActiveCfg = Debug|x64
		{099193A0-1E43-4BBC-BA7F-7B351E1342DF}.Debug|x64.Build.0 = Debug|x64
		{099193A0-1E43-4BBC-BA7F-7B351E1342DF}.Debug|x86.ActiveCfg = Debug|Win32
		{099193A0-1E43-4BBC-BA7F-7B351E1342DF}.Debug|x86.Build.0 = Debug|Win32
		{099193A0-1E43-4BBC-BA7F-7B351E1342DF}.Release|x64.ActiveCfg = Release|x64
		{099193A0-1E43-4BBC-BA7F-7B351E1342DF}.Release|x64.Build.0 = Release|x64
		{099193A0-1E43-4BBC-BA7F-7B351E1342DF}.Release|x86.ActiveCfg = Release|Win32
		{099193A0-1E43-4BBC-BA7F-7B351E1342DF}.Release|x86.Build.0 = Release|Win32
		{FC802440-AD6A-4919-8F2C-7701F2B38D79}.Debug|x64.ActiveCfg = Debug|x64
		{FC802440-AD6A-4919-8F2C-7701F2B38D79}.Debug|x64.Build.0 = Debug|x64
		{FC802440-AD6A-4919-8F2C-7701F2B38D79}.Debug|x86.ActiveCfg = Debug|Win32
		{FC802440-AD6A-4919-8F2C-7701F2B38D79}.Debug|x86.Build.0 = Debug|Win32
		{FC802440-AD6A-4919-8F2C-7701F2B38D79}.Release|x64.ActiveCfg = Release|x64
		{FC802440-AD6A-4919-8F2C-7701F2B38D79}.Release|x64.Build.0 = Release|x64
		{FC802440-AD6A-4919-8F2C-7701F2B38D79}.Release|x86.ActiveCfg = Release|Win32
		{FC802440-AD6A-4919-8F2C-7701F2B38D79}.Release|x86.Build.0 = Release|Win32
		{3CAC8870-95FD-4D75-A6DA-9B1F4F679D4B}.Debug|x64.ActiveCfg = Debug|x64
		{3CAC8870-95FD-4D75-A6DA-9B1F4F679D4B}.Debug|x86.ActiveCfg = Debug|Win32
		{3CAC8870-95FD-4D75-A6DA-9B1F4F679D4B}.Debug|x86.Build.0 = Debug|Win32
		{3CAC8870-95FD-4D75-A6DA-9B1F4F679D4B}.Release|x64.ActiveCfg = Release|x64
		{3CAC8870-95FD-4D75-A6DA-9B1F4F679D4B}.Release|x86.ActiveCfg = Release|Win32
		{3CAC8870-95FD-4D75-A6DA-9B1F4F679D4B}.Release|x86.Build.0 = Release|Win32
		{919544AC-D39B-463F-8414-3C3C67CF727C}.Debug|x64.ActiveCfg = Debug|x64
		{919544AC-D39B-463F-8414-3C3C67CF727C}.Debug|x64.Build.0 = Debug|x64
		{919544AC-D39B-463F-8414-3C3C67CF727C}.Debug|x86.ActiveCfg = Debug|Win32
		{919544AC-D39B-463F-8414-3C3C67CF727C}.Debug|x86.Build.0 = Debug|Win32
		{919544AC-D39B-463F-8414-3C3C67CF727C}.Release|x64.ActiveCfg = Release|x64
		{919544AC-D39B-463F-8414-3C3C67CF727C}.Release|x64.Build.0 = Release|x64
		{919544AC-D39B-463F-8414-3C3C67CF727C}.Release|x86.ActiveCfg = Release|Win32
		{919544AC-D39B-463F-8414-3C3C67CF727C}.Release|x86.Build.0 = Release|Win32
		{ED82003F-FC5D-4E94-8B36-F480018ED064}.Debug|x64.ActiveCfg = Debug|x64
		{ED82003F-FC5D-4E94-8B36-F480018ED064}.Debug|x64.Build.0 = Debug|x64
		{ED82003F-FC5D-4E94-8B36-F480018ED064}.Debug|x86.ActiveCfg = Debug|Win32
		{ED82003F-FC5D-4E94-8B36-F480018ED064}.Debug|x86.Build.0 = Debug|Win32
		{ED82003F-FC5D-4E94-8B36-F480018ED064}.Release|x64.ActiveCfg = Release|x64
		{ED82003F-FC5D-4E94-8B36-F480018ED064}.Release|x64.Build.0 = Release|x64
		{ED82003F-FC5D-4E94-8B36-F480018ED064}.Release|x86.ActiveCfg = Release|Win32
		{ED82003F-FC5D-4E94-8B36-F480018ED064}.Release|x86.Build.0 = Release|Win32
		{06EC74CB-9A12-429C-B551-8532EC964726}.Debug|x64.ActiveCfg = Debug|x64
		{06EC74CB-9A12-429C-B551-8532EC964726}.Debug|x64.Build.0 = Debug|x64
		{06EC74CB-9A12-429C-B551-8532EC964726}.Debug|x86.ActiveCfg = Debug|Win32
		{06EC74CB-9A12-429C-B551-8532EC964726}.Debug|x86.Build.0 = Debug|Win32
		{06EC74CB-9A12-429C-B551-8532EC964726}.Release|x64.ActiveCfg = Release|x64
		{06EC74CB-9A12-429C-B551-8532EC964726}.Release|x64.Build.0 = Release|x64
		{06EC74CB-9A12-429C-B551-8532EC964726}.Release|x86.ActiveCfg = Release|Win32
		{06EC74CB-9A12-429C-B551-8532EC964726}.Release|x86.Build.0 = Release|Win32
		{06EC74CB-9A12-429C-B551-8562EC964846}.Debug|x64.ActiveCfg = Debug|x64
		{06EC74CB-9A12-429C-B551-8562EC964846}.Debug|x64.Build.0 = Debug|x64
		{06EC74CB-9A12-429C-B551-8562EC964846}.Debug|x86.ActiveCfg = Debug|Win32
		{06EC74CB-9A12-429C-B551-8562EC964846}.Debug|x86.Build.0 = Debug|Win32
		{06EC74CB-9A12-429C-B551-8562EC964846}.Release|x64.ActiveCfg = Release|x64
		{06EC74CB-9A12-429C-B551-8562EC964846}.Release|x64.Build.0 = Release|x64
		{06EC74CB-9A12-429C-B551-8562EC964846}.Release|x86.ActiveCfg = Release|Win32
		{06EC74CB-9A12-429C-B551-8562EC964846}.Release|x86.Build.0 = Release|Win32
		{D3B92829-26CB-411A-BDA2-7F5DA3D25DD4}.Debug|x64.ActiveCfg = Debug|x64
		{D3B92829-26CB-411A-BDA2-7F5DA3D25DD4}.Debug|x64.Build.0 = Debug|x64
		{D3B92829-26CB-411A-BDA2-7F5DA3D25DD4}.Debug|x86.ActiveCfg = Debug|Win32
		{D3B92829-26CB-411A-BDA2-7F5DA3D25DD4}.Debug|x86.Build.0 = Debug|Win32
		{D3B92829-26CB-411A-BDA2-7F5DA3D25DD4}.Release|x64.ActiveCfg = Release|x64
		{D3B92829-26CB-411A-BDA2-7F5DA3D25DD4}.Release|x64.Build.0 = Release|x64
		{D3B92829-26CB-411A-BDA2-7F5DA3D25DD4}.Release|x86.ActiveCfg = Release|Win32
		{D3B92829-26CB-411A-BDA2-7F5DA3D25DD4}.Release|x86.Build.0 = Release|Win32
		{C7A6A5D9-60BE-4AEB-A5F6-AFE352F86CBB}.Debug|x64.ActiveCfg = Debug|x64
		{C7A6A5D9-60BE-4AEB-A5F6-AFE352F86CBB}.Debug|x64.Build.0 = Debug|x64
		{C7A6A5D9-60BE-4AEB-A5F6-AFE352F86CBB}.Debug|x86.ActiveCfg = Debug|Win32
		{C7A6A5D9-60BE-4AEB-A5F6-AFE352F86CBB}.Debug|x86.Build.0 = Debug|Win32
		{C7A6A5D9-60BE-4AEB-A5F6-AFE352F86CBB}.Release|x64.ActiveCfg = Release|x64
		{C7A6A5D9-60BE-4AEB-A5F6-AFE352F86CBB}.Release|x64.Build.0 = Release|x64
		{C7A6A5D9-60BE-4AEB-A5F6-AFE352F86CBB}.Release|x86.ActiveCfg = Release|Win32
		{C7A6A5D9-60BE-4AEB-A5F6-AFE352F86CBB}.Release|x86.Build.0 = Release|Win32
	EndGlobalSection
	GlobalSection(SolutionProperties) = preSolution
		HideSolutionNode = FALSE
	EndGlobalSection
	GlobalSection(NestedProjects) = preSolution
		{4C8E6BB0-4713-4ADB-BD04-81628ECEAF20} = {81C352DB-1818-45B7-A284-18E259F1CC87}
		{D57841D1-8294-4F2B-BB8B-D2A35738DECD} = {81C352DB-1818-45B7-A284-18E259F1CC87}
		{B8C524E4-7614-473C-8B10-3710B7CC65D5} = {81C352DB-1818-45B7-A284-18E259F1CC87}
		{099193A0-1E43-4BBC-BA7F-7B351E1342DF} = {A10C4720-DCA4-4640-9749-67F4314F527C}
		{FC802440-AD6A-4919-8F2C-7701F2B38D79} = {A10C4720-DCA4-4640-9749-67F4314F527C}
		{3CAC8870-95FD-4D75-A6DA-9B1F4F679D4B} = {A10C4720-DCA4-4640-9749-67F4314F527C}
		{919544AC-D39B-463F-8414-3C3C67CF727C} = {A10C4720-DCA4-4640-9749-67F4314F527C}
		{8157729B-BA88-4EB4-B99F-DC6A73E5BB7D} = {4C8E6BB0-4713-4ADB-BD04-81628ECEAF20}
		{ED82003F-FC5D-4E94-8B36-F480018ED064} = {A10C4720-DCA4-4640-9749-67F4314F527C}
		{C7A6A5D9-60BE-4AEB-A5F6-AFE352F86CBB} = {A10C4720-DCA4-4640-9749-67F4314F527C}
	EndGlobalSection
EndGlobal
