
Microsoft Visual Studio Solution File, Format Version 12.00
# Visual Studio 14
VisualStudioVersion = 14.0.25123.0
MinimumVisualStudioVersion = 10.0.40219.1
Project("{8BC9CEB8-8B4A-11D0-8D11-00A0C91BC942}") = "OpenConsole", "OpenConsole.vcxproj", "{B35FBF39-E08B-46C5-A9AE-79B41AAA888E}"
EndProject
Project("{8BC9CEB8-8B4A-11D0-8D11-00A0C91BC942}") = "ServerBase", "..\ServerBase\ServerBase.vcxproj", "{0CFE8495-E1F0-4022-957C-9D5ECE13AF98}"
EndProject
Project("{8BC9CEB8-8B4A-11D0-8D11-00A0C91BC942}") = "ServerSample", "..\ServerSample\ServerSample.vcxproj", "{44858DB9-40A7-4CFC-9B78-F9DB183A89D6}"
EndProject
Project("{8BC9CEB8-8B4A-11D0-8D11-00A0C91BC942}") = "ServerBaseApi", "..\ServerBaseApi\ServerBaseApi.vcxproj", "{75D376A3-EEB4-4FA9-A2CF-118FC9EAE3CD}"
EndProject
Project("{8BC9CEB8-8B4A-11D0-8D11-00A0C91BC942}") = "OpenConsoleExe", "..\OpenConsoleExe\OpenConsoleExe.vcxproj", "{93092D9C-EEE0-47E8-888F-447AAA613095}"
EndProject
Global
	GlobalSection(SolutionConfigurationPlatforms) = preSolution
		Debug|x64 = Debug|x64
		Debug|x86 = Debug|x86
		Release|x64 = Release|x64
		Release|x86 = Release|x86
	EndGlobalSection
	GlobalSection(ProjectConfigurationPlatforms) = postSolution
		{B35FBF39-E08B-46C5-A9AE-79B41AAA888E}.Debug|x64.ActiveCfg = Debug|x64
		{B35FBF39-E08B-46C5-A9AE-79B41AAA888E}.Debug|x64.Build.0 = Debug|x64
		{B35FBF39-E08B-46C5-A9AE-79B41AAA888E}.Debug|x86.ActiveCfg = Debug|Win32
		{B35FBF39-E08B-46C5-A9AE-79B41AAA888E}.Debug|x86.Build.0 = Debug|Win32
		{B35FBF39-E08B-46C5-A9AE-79B41AAA888E}.Release|x64.ActiveCfg = Release|x64
		{B35FBF39-E08B-46C5-A9AE-79B41AAA888E}.Release|x64.Build.0 = Release|x64
		{B35FBF39-E08B-46C5-A9AE-79B41AAA888E}.Release|x86.ActiveCfg = Release|Win32
		{B35FBF39-E08B-46C5-A9AE-79B41AAA888E}.Release|x86.Build.0 = Release|Win32
		{0CFE8495-E1F0-4022-957C-9D5ECE13AF98}.Debug|x64.ActiveCfg = Debug|x64
		{0CFE8495-E1F0-4022-957C-9D5ECE13AF98}.Debug|x64.Build.0 = Debug|x64
		{0CFE8495-E1F0-4022-957C-9D5ECE13AF98}.Debug|x86.ActiveCfg = Debug|Win32
		{0CFE8495-E1F0-4022-957C-9D5ECE13AF98}.Debug|x86.Build.0 = Debug|Win32
		{0CFE8495-E1F0-4022-957C-9D5ECE13AF98}.Release|x64.ActiveCfg = Release|x64
		{0CFE8495-E1F0-4022-957C-9D5ECE13AF98}.Release|x64.Build.0 = Release|x64
		{0CFE8495-E1F0-4022-957C-9D5ECE13AF98}.Release|x86.ActiveCfg = Release|Win32
		{0CFE8495-E1F0-4022-957C-9D5ECE13AF98}.Release|x86.Build.0 = Release|Win32
		{44858DB9-40A7-4CFC-9B78-F9DB183A89D6}.Debug|x64.ActiveCfg = Debug|x64
		{44858DB9-40A7-4CFC-9B78-F9DB183A89D6}.Debug|x64.Build.0 = Debug|x64
		{44858DB9-40A7-4CFC-9B78-F9DB183A89D6}.Debug|x86.ActiveCfg = Debug|Win32
		{44858DB9-40A7-4CFC-9B78-F9DB183A89D6}.Debug|x86.Build.0 = Debug|Win32
		{44858DB9-40A7-4CFC-9B78-F9DB183A89D6}.Release|x64.ActiveCfg = Release|x64
		{44858DB9-40A7-4CFC-9B78-F9DB183A89D6}.Release|x64.Build.0 = Release|x64
		{44858DB9-40A7-4CFC-9B78-F9DB183A89D6}.Release|x86.ActiveCfg = Release|Win32
		{44858DB9-40A7-4CFC-9B78-F9DB183A89D6}.Release|x86.Build.0 = Release|Win32
		{75D376A3-EEB4-4FA9-A2CF-118FC9EAE3CD}.Debug|x64.ActiveCfg = Debug|x64
		{75D376A3-EEB4-4FA9-A2CF-118FC9EAE3CD}.Debug|x64.Build.0 = Debug|x64
		{75D376A3-EEB4-4FA9-A2CF-118FC9EAE3CD}.Debug|x86.ActiveCfg = Debug|Win32
		{75D376A3-EEB4-4FA9-A2CF-118FC9EAE3CD}.Debug|x86.Build.0 = Debug|Win32
		{75D376A3-EEB4-4FA9-A2CF-118FC9EAE3CD}.Release|x64.ActiveCfg = Release|x64
		{75D376A3-EEB4-4FA9-A2CF-118FC9EAE3CD}.Release|x64.Build.0 = Release|x64
		{75D376A3-EEB4-4FA9-A2CF-118FC9EAE3CD}.Release|x86.ActiveCfg = Release|Win32
		{75D376A3-EEB4-4FA9-A2CF-118FC9EAE3CD}.Release|x86.Build.0 = Release|Win32
		{93092D9C-EEE0-47E8-888F-447AAA613095}.Debug|x64.ActiveCfg = Debug|x64
		{93092D9C-EEE0-47E8-888F-447AAA613095}.Debug|x64.Build.0 = Debug|x64
		{93092D9C-EEE0-47E8-888F-447AAA613095}.Debug|x86.ActiveCfg = Debug|Win32
		{93092D9C-EEE0-47E8-888F-447AAA613095}.Debug|x86.Build.0 = Debug|Win32
		{93092D9C-EEE0-47E8-888F-447AAA613095}.Release|x64.ActiveCfg = Release|x64
		{93092D9C-EEE0-47E8-888F-447AAA613095}.Release|x64.Build.0 = Release|x64
		{93092D9C-EEE0-47E8-888F-447AAA613095}.Release|x86.ActiveCfg = Release|Win32
		{93092D9C-EEE0-47E8-888F-447AAA613095}.Release|x86.Build.0 = Release|Win32
	EndGlobalSection
	GlobalSection(SolutionProperties) = preSolution
		HideSolutionNode = FALSE
	EndGlobalSection
EndGlobal
